<<<<<<< HEAD
﻿
Microsoft Visual Studio Solution File, Format Version 12.00
# Visual Studio 2013
VisualStudioVersion = 12.0.31101.0
MinimumVisualStudioVersion = 10.0.40219.1
Project("{FAE04EC0-301F-11D3-BF4B-00C04F79EFBC}") = "DemoCustomConfigSections", "DemoCustomConfigSections.csproj", "{91CFACAA-4EF4-41D1-B3F0-0C29EBCE7756}"
EndProject
Project("{FAE04EC0-301F-11D3-BF4B-00C04F79EFBC}") = "ConfigurationSectionsLibrary", "..\ConfigurationSectionsLibrary\ConfigurationSectionsLibrary.csproj", "{294F1CC3-64F5-4693-8F7B-79BF2A9178C2}"
EndProject
Project("{FAE04EC0-301F-11D3-BF4B-00C04F79EFBC}") = "InterfacesLibrary", "..\InterfacesLibrary\InterfacesLibrary.csproj", "{8899C20E-057D-47D0-870D-AEDE6D7AB80C}"
EndProject
Global
	GlobalSection(SolutionConfigurationPlatforms) = preSolution
		Debug|Any CPU = Debug|Any CPU
		Release|Any CPU = Release|Any CPU
	EndGlobalSection
	GlobalSection(ProjectConfigurationPlatforms) = postSolution
		{91CFACAA-4EF4-41D1-B3F0-0C29EBCE7756}.Debug|Any CPU.ActiveCfg = Debug|Any CPU
		{91CFACAA-4EF4-41D1-B3F0-0C29EBCE7756}.Debug|Any CPU.Build.0 = Debug|Any CPU
		{91CFACAA-4EF4-41D1-B3F0-0C29EBCE7756}.Release|Any CPU.ActiveCfg = Release|Any CPU
		{91CFACAA-4EF4-41D1-B3F0-0C29EBCE7756}.Release|Any CPU.Build.0 = Release|Any CPU
		{294F1CC3-64F5-4693-8F7B-79BF2A9178C2}.Debug|Any CPU.ActiveCfg = Debug|Any CPU
		{294F1CC3-64F5-4693-8F7B-79BF2A9178C2}.Debug|Any CPU.Build.0 = Debug|Any CPU
		{294F1CC3-64F5-4693-8F7B-79BF2A9178C2}.Release|Any CPU.ActiveCfg = Release|Any CPU
		{294F1CC3-64F5-4693-8F7B-79BF2A9178C2}.Release|Any CPU.Build.0 = Release|Any CPU
		{8899C20E-057D-47D0-870D-AEDE6D7AB80C}.Debug|Any CPU.ActiveCfg = Debug|Any CPU
		{8899C20E-057D-47D0-870D-AEDE6D7AB80C}.Debug|Any CPU.Build.0 = Debug|Any CPU
		{8899C20E-057D-47D0-870D-AEDE6D7AB80C}.Release|Any CPU.ActiveCfg = Release|Any CPU
		{8899C20E-057D-47D0-870D-AEDE6D7AB80C}.Release|Any CPU.Build.0 = Release|Any CPU
	EndGlobalSection
	GlobalSection(SolutionProperties) = preSolution
		HideSolutionNode = FALSE
	EndGlobalSection
EndGlobal
=======
﻿
Microsoft Visual Studio Solution File, Format Version 12.00
# Visual Studio 2013
VisualStudioVersion = 12.0.31101.0
MinimumVisualStudioVersion = 10.0.40219.1
Project("{FAE04EC0-301F-11D3-BF4B-00C04F79EFBC}") = "DemoCustomConfigSections", "DemoCustomConfigSections.csproj", "{91CFACAA-4EF4-41D1-B3F0-0C29EBCE7756}"
EndProject
Project("{FAE04EC0-301F-11D3-BF4B-00C04F79EFBC}") = "ConfigurationSectionsLibrary", "..\ConfigurationSectionsLibrary\ConfigurationSectionsLibrary.csproj", "{294F1CC3-64F5-4693-8F7B-79BF2A9178C2}"
EndProject
Project("{FAE04EC0-301F-11D3-BF4B-00C04F79EFBC}") = "InterfacesLibrary", "..\InterfacesLibrary\InterfacesLibrary.csproj", "{8899C20E-057D-47D0-870D-AEDE6D7AB80C}"
EndProject
Global
	GlobalSection(SolutionConfigurationPlatforms) = preSolution
		Debug|Any CPU = Debug|Any CPU
		Release|Any CPU = Release|Any CPU
	EndGlobalSection
	GlobalSection(ProjectConfigurationPlatforms) = postSolution
		{91CFACAA-4EF4-41D1-B3F0-0C29EBCE7756}.Debug|Any CPU.ActiveCfg = Debug|Any CPU
		{91CFACAA-4EF4-41D1-B3F0-0C29EBCE7756}.Debug|Any CPU.Build.0 = Debug|Any CPU
		{91CFACAA-4EF4-41D1-B3F0-0C29EBCE7756}.Release|Any CPU.ActiveCfg = Release|Any CPU
		{91CFACAA-4EF4-41D1-B3F0-0C29EBCE7756}.Release|Any CPU.Build.0 = Release|Any CPU
		{294F1CC3-64F5-4693-8F7B-79BF2A9178C2}.Debug|Any CPU.ActiveCfg = Debug|Any CPU
		{294F1CC3-64F5-4693-8F7B-79BF2A9178C2}.Debug|Any CPU.Build.0 = Debug|Any CPU
		{294F1CC3-64F5-4693-8F7B-79BF2A9178C2}.Release|Any CPU.ActiveCfg = Release|Any CPU
		{294F1CC3-64F5-4693-8F7B-79BF2A9178C2}.Release|Any CPU.Build.0 = Release|Any CPU
		{8899C20E-057D-47D0-870D-AEDE6D7AB80C}.Debug|Any CPU.ActiveCfg = Debug|Any CPU
		{8899C20E-057D-47D0-870D-AEDE6D7AB80C}.Debug|Any CPU.Build.0 = Debug|Any CPU
		{8899C20E-057D-47D0-870D-AEDE6D7AB80C}.Release|Any CPU.ActiveCfg = Release|Any CPU
		{8899C20E-057D-47D0-870D-AEDE6D7AB80C}.Release|Any CPU.Build.0 = Release|Any CPU
	EndGlobalSection
	GlobalSection(SolutionProperties) = preSolution
		HideSolutionNode = FALSE
	EndGlobalSection
EndGlobal
>>>>>>> 93b6217f80d10756435d9c00433fc05180b8b4bc
